// !$*UTF8*$!
{
	archiveVersion = 1;
	classes = {
	};
	objectVersion = 55;
	objects = {

/* Begin PBXBuildFile section */
		26EA2D3028B48D2A00C4B240 /* AppDelegate.swift in Sources */ = {isa = PBXBuildFile; fileRef = 26EA2D2F28B48D2A00C4B240 /* AppDelegate.swift */; };
		26EA2D3228B48D2A00C4B240 /* SceneDelegate.swift in Sources */ = {isa = PBXBuildFile; fileRef = 26EA2D3128B48D2A00C4B240 /* SceneDelegate.swift */; };
		26EA2D3428B48D2A00C4B240 /* ViewController.swift in Sources */ = {isa = PBXBuildFile; fileRef = 26EA2D3328B48D2A00C4B240 /* ViewController.swift */; };
		26EA2D3728B48D2A00C4B240 /* Main.storyboard in Resources */ = {isa = PBXBuildFile; fileRef = 26EA2D3528B48D2A00C4B240 /* Main.storyboard */; };
		26EA2D3928B48D2B00C4B240 /* Assets.xcassets in Resources */ = {isa = PBXBuildFile; fileRef = 26EA2D3828B48D2B00C4B240 /* Assets.xcassets */; };
		26EA2D3C28B48D2B00C4B240 /* LaunchScreen.storyboard in Resources */ = {isa = PBXBuildFile; fileRef = 26EA2D3A28B48D2B00C4B240 /* LaunchScreen.storyboard */; };
		26EA2D4528B48E6200C4B240 /* StoryPromts.swift in Sources */ = {isa = PBXBuildFile; fileRef = 26EA2D4428B48E6200C4B240 /* StoryPromts.swift */; };
		26EA2D4728B48E7300C4B240 /* StoryPromtEntry.swift in Sources */ = {isa = PBXBuildFile; fileRef = 26EA2D4628B48E7300C4B240 /* StoryPromtEntry.swift */; };
/* End PBXBuildFile section */

/* Begin PBXFileReference section */
		26EA2D2C28B48D2A00C4B240 /* StoryPromt.app */ = {isa = PBXFileReference; explicitFileType = wrapper.application; includeInIndex = 0; path = StoryPromt.app; sourceTree = BUILT_PRODUCTS_DIR; };
		26EA2D2F28B48D2A00C4B240 /* AppDelegate.swift */ = {isa = PBXFileReference; lastKnownFileType = sourcecode.swift; path = AppDelegate.swift; sourceTree = "<group>"; };
		26EA2D3128B48D2A00C4B240 /* SceneDelegate.swift */ = {isa = PBXFileReference; lastKnownFileType = sourcecode.swift; path = SceneDelegate.swift; sourceTree = "<group>"; };
		26EA2D3328B48D2A00C4B240 /* ViewController.swift */ = {isa = PBXFileReference; lastKnownFileType = sourcecode.swift; path = ViewController.swift; sourceTree = "<group>"; };
		26EA2D3628B48D2A00C4B240 /* Base */ = {isa = PBXFileReference; lastKnownFileType = file.storyboard; name = Base; path = Base.lproj/Main.storyboard; sourceTree = "<group>"; };
		26EA2D3828B48D2B00C4B240 /* Assets.xcassets */ = {isa = PBXFileReference; lastKnownFileType = folder.assetcatalog; path = Assets.xcassets; sourceTree = "<group>"; };
		26EA2D3B28B48D2B00C4B240 /* Base */ = {isa = PBXFileReference; lastKnownFileType = file.storyboard; name = Base; path = Base.lproj/LaunchScreen.storyboard; sourceTree = "<group>"; };
		26EA2D3D28B48D2B00C4B240 /* Info.plist */ = {isa = PBXFileReference; lastKnownFileType = text.plist.xml; path = Info.plist; sourceTree = "<group>"; };
		26EA2D4428B48E6200C4B240 /* StoryPromts.swift */ = {isa = PBXFileReference; lastKnownFileType = sourcecode.swift; path = StoryPromts.swift; sourceTree = "<group>"; };
		26EA2D4628B48E7300C4B240 /* StoryPromtEntry.swift */ = {isa = PBXFileReference; lastKnownFileType = sourcecode.swift; path = StoryPromtEntry.swift; sourceTree = "<group>"; };
/* End PBXFileReference section */

/* Begin PBXFrameworksBuildPhase section */
		26EA2D2928B48D2A00C4B240 /* Frameworks */ = {
			isa = PBXFrameworksBuildPhase;
			buildActionMask = 2147483647;
			files = (
			);
			runOnlyForDeploymentPostprocessing = 0;
		};
/* End PBXFrameworksBuildPhase section */

/* Begin PBXGroup section */
		26EA2D2328B48D2A00C4B240 = {
			isa = PBXGroup;
			children = (
				26EA2D2E28B48D2A00C4B240 /* StoryPromt */,
				26EA2D2D28B48D2A00C4B240 /* Products */,
			);
			sourceTree = "<group>";
		};
		26EA2D2D28B48D2A00C4B240 /* Products */ = {
			isa = PBXGroup;
			children = (
				26EA2D2C28B48D2A00C4B240 /* StoryPromt.app */,
			);
			name = Products;
			sourceTree = "<group>";
		};
		26EA2D2E28B48D2A00C4B240 /* StoryPromt */ = {
			isa = PBXGroup;
			children = (
				26EA2D4328B48DEB00C4B240 /* Model */,
				26EA2D2F28B48D2A00C4B240 /* AppDelegate.swift */,
				26EA2D3128B48D2A00C4B240 /* SceneDelegate.swift */,
				26EA2D3328B48D2A00C4B240 /* ViewController.swift */,
				26EA2D3528B48D2A00C4B240 /* Main.storyboard */,
				26EA2D3828B48D2B00C4B240 /* Assets.xcassets */,
				26EA2D3A28B48D2B00C4B240 /* LaunchScreen.storyboard */,
				26EA2D3D28B48D2B00C4B240 /* Info.plist */,
			);
			path = StoryPromt;
			sourceTree = "<group>";
		};
		26EA2D4328B48DEB00C4B240 /* Model */ = {
			isa = PBXGroup;
			children = (
				26EA2D4628B48E7300C4B240 /* StoryPromtEntry.swift */,
				26EA2D4428B48E6200C4B240 /* StoryPromts.swift */,
			);
			path = Model;
			sourceTree = "<group>";
		};
/* End PBXGroup section */

/* Begin PBXNativeTarget section */
		26EA2D2B28B48D2A00C4B240 /* StoryPromt */ = {
			isa = PBXNativeTarget;
			buildConfigurationList = 26EA2D4028B48D2B00C4B240 /* Build configuration list for PBXNativeTarget "StoryPromt" */;
			buildPhases = (
				26EA2D2828B48D2A00C4B240 /* Sources */,
				26EA2D2928B48D2A00C4B240 /* Frameworks */,
				26EA2D2A28B48D2A00C4B240 /* Resources */,
			);
			buildRules = (
			);
			dependencies = (
			);
			name = StoryPromt;
			productName = StoryPromt;
			productReference = 26EA2D2C28B48D2A00C4B240 /* StoryPromt.app */;
			productType = "com.apple.product-type.application";
		};
/* End PBXNativeTarget section */

/* Begin PBXProject section */
		26EA2D2428B48D2A00C4B240 /* Project object */ = {
			isa = PBXProject;
			attributes = {
				BuildIndependentTargetsInParallel = 1;
				LastSwiftUpdateCheck = 1340;
				LastUpgradeCheck = 1340;
				TargetAttributes = {
					26EA2D2B28B48D2A00C4B240 = {
						CreatedOnToolsVersion = 13.4.1;
					};
				};
			};
			buildConfigurationList = 26EA2D2728B48D2A00C4B240 /* Build configuration list for PBXProject "StoryPromt" */;
			compatibilityVersion = "Xcode 13.0";
			developmentRegion = en;
			hasScannedForEncodings = 0;
			knownRegions = (
				en,
				Base,
			);
			mainGroup = 26EA2D2328B48D2A00C4B240;
			productRefGroup = 26EA2D2D28B48D2A00C4B240 /* Products */;
			projectDirPath = "";
			projectRoot = "";
			targets = (
				26EA2D2B28B48D2A00C4B240 /* StoryPromt */,
			);
		};
/* End PBXProject section */

/* Begin PBXResourcesBuildPhase section */
		26EA2D2A28B48D2A00C4B240 /* Resources */ = {
			isa = PBXResourcesBuildPhase;
			buildActionMask = 2147483647;
			files = (
				26EA2D3C28B48D2B00C4B240 /* LaunchScreen.storyboard in Resources */,
				26EA2D3928B48D2B00C4B240 /* Assets.xcassets in Resources */,
				26EA2D3728B48D2A00C4B240 /* Main.storyboard in Resources */,
			);
			runOnlyForDeploymentPostprocessing = 0;
		};
/* End PBXResourcesBuildPhase section */

/* Begin PBXSourcesBuildPhase section */
		26EA2D2828B48D2A00C4B240 /* Sources */ = {
			isa = PBXSourcesBuildPhase;
			buildActionMask = 2147483647;
			files = (
				26EA2D4728B48E7300C4B240 /* StoryPromtEntry.swift in Sources */,
				26EA2D3428B48D2A00C4B240 /* ViewController.swift in Sources */,
				26EA2D3028B48D2A00C4B240 /* AppDelegate.swift in Sources */,
				26EA2D4528B48E6200C4B240 /* StoryPromts.swift in Sources */,
				26EA2D3228B48D2A00C4B240 /* SceneDelegate.swift in Sources */,
			);
			runOnlyForDeploymentPostprocessing = 0;
		};
/* End PBXSourcesBuildPhase section */

/* Begin PBXVariantGroup section */
		26EA2D3528B48D2A00C4B240 /* Main.storyboard */ = {
			isa = PBXVariantGroup;
			children = (
				26EA2D3628B48D2A00C4B240 /* Base */,
			);
			name = Main.storyboard;
			sourceTree = "<group>";
		};
		26EA2D3A28B48D2B00C4B240 /* LaunchScreen.storyboard */ = {
			isa = PBXVariantGroup;
			children = (
				26EA2D3B28B48D2B00C4B240 /* Base */,
			);
			name = LaunchScreen.storyboard;
			sourceTree = "<group>";
		};
/* End PBXVariantGroup section */

/* Begin XCBuildConfiguration section */
		26EA2D3E28B48D2B00C4B240 /* Debug */ = {
			isa = XCBuildConfiguration;
			buildSettings = {
				ALWAYS_SEARCH_USER_PATHS = NO;
				CLANG_ANALYZER_NONNULL = YES;
				CLANG_ANALYZER_NUMBER_OBJECT_CONVERSION = YES_AGGRESSIVE;
				CLANG_CXX_LANGUAGE_STANDARD = "gnu++17";
				CLANG_ENABLE_MODULES = YES;
				CLANG_ENABLE_OBJC_ARC = YES;
				CLANG_ENABLE_OBJC_WEAK = YES;
				CLANG_WARN_BLOCK_CAPTURE_AUTORELEASING = YES;
				CLANG_WARN_BOOL_CONVERSION = YES;
				CLANG_WARN_COMMA = YES;
				CLANG_WARN_CONSTANT_CONVERSION = YES;
				CLANG_WARN_DEPRECATED_OBJC_IMPLEMENTATIONS = YES;
				CLANG_WARN_DIRECT_OBJC_ISA_USAGE = YES_ERROR;
				CLANG_WARN_DOCUMENTATION_COMMENTS = YES;
				CLANG_WARN_EMPTY_BODY = YES;
				CLANG_WARN_ENUM_CONVERSION = YES;
				CLANG_WARN_INFINITE_RECURSION = YES;
				CLANG_WARN_INT_CONVERSION = YES;
				CLANG_WARN_NON_LITERAL_NULL_CONVERSION = YES;
				CLANG_WARN_OBJC_IMPLICIT_RETAIN_SELF = YES;
				CLANG_WARN_OBJC_LITERAL_CONVERSION = YES;
				CLANG_WARN_OBJC_ROOT_CLASS = YES_ERROR;
				CLANG_WARN_QUOTED_INCLUDE_IN_FRAMEWORK_HEADER = YES;
				CLANG_WARN_RANGE_LOOP_ANALYSIS = YES;
				CLANG_WARN_STRICT_PROTOTYPES = YES;
				CLANG_WARN_SUSPICIOUS_MOVE = YES;
				CLANG_WARN_UNGUARDED_AVAILABILITY = YES_AGGRESSIVE;
				CLANG_WARN_UNREACHABLE_CODE = YES;
				CLANG_WARN__DUPLICATE_METHOD_MATCH = YES;
				COPY_PHASE_STRIP = NO;
				DEBUG_INFORMATION_FORMAT = dwarf;
				ENABLE_STRICT_OBJC_MSGSEND = YES;
				ENABLE_TESTABILITY = YES;
				GCC_C_LANGUAGE_STANDARD = gnu11;
				GCC_DYNAMIC_NO_PIC = NO;
				GCC_NO_COMMON_BLOCKS = YES;
				GCC_OPTIMIZATION_LEVEL = 0;
				GCC_PREPROCESSOR_DEFINITIONS = (
					"DEBUG=1",
					"$(inherited)",
				);
				GCC_WARN_64_TO_32_BIT_CONVERSION = YES;
				GCC_WARN_ABOUT_RETURN_TYPE = YES_ERROR;
				GCC_WARN_UNDECLARED_SELECTOR = YES;
				GCC_WARN_UNINITIALIZED_AUTOS = YES_AGGRESSIVE;
				GCC_WARN_UNUSED_FUNCTION = YES;
				GCC_WARN_UNUSED_VARIABLE = YES;
				IPHONEOS_DEPLOYMENT_TARGET = 15.5;
				MTL_ENABLE_DEBUG_INFO = INCLUDE_SOURCE;
				MTL_FAST_MATH = YES;
				ONLY_ACTIVE_ARCH = YES;
				SDKROOT = iphoneos;
				SWIFT_ACTIVE_COMPILATION_CONDITIONS = DEBUG;
				SWIFT_OPTIMIZATION_LEVEL = "-Onone";
			};
			name = Debug;
		};
		26EA2D3F28B48D2B00C4B240 /* Release */ = {
			isa = XCBuildConfiguration;
			buildSettings = {
				ALWAYS_SEARCH_USER_PATHS = NO;
				CLANG_ANALYZER_NONNULL = YES;
				CLANG_ANALYZER_NUMBER_OBJECT_CONVERSION = YES_AGGRESSIVE;
				CLANG_CXX_LANGUAGE_STANDARD = "gnu++17";
				CLANG_ENABLE_MODULES = YES;
				CLANG_ENABLE_OBJC_ARC = YES;
				CLANG_ENABLE_OBJC_WEAK = YES;
				CLANG_WARN_BLOCK_CAPTURE_AUTORELEASING = YES;
				CLANG_WARN_BOOL_CONVERSION = YES;
				CLANG_WARN_COMMA = YES;
				CLANG_WARN_CONSTANT_CONVERSION = YES;
				CLANG_WARN_DEPRECATED_OBJC_IMPLEMENTATIONS = YES;
				CLANG_WARN_DIRECT_OBJC_ISA_USAGE = YES_ERROR;
				CLANG_WARN_DOCUMENTATION_COMMENTS = YES;
				CLANG_WARN_EMPTY_BODY = YES;
				CLANG_WARN_ENUM_CONVERSION = YES;
				CLANG_WARN_INFINITE_RECURSION = YES;
				CLANG_WARN_INT_CONVERSION = YES;
				CLANG_WARN_NON_LITERAL_NULL_CONVERSION = YES;
				CLANG_WARN_OBJC_IMPLICIT_RETAIN_SELF = YES;
				CLANG_WARN_OBJC_LITERAL_CONVERSION = YES;
				CLANG_WARN_OBJC_ROOT_CLASS = YES_ERROR;
				CLANG_WARN_QUOTED_INCLUDE_IN_FRAMEWORK_HEADER = YES;
				CLANG_WARN_RANGE_LOOP_ANALYSIS = YES;
				CLANG_WARN_STRICT_PROTOTYPES = YES;
				CLANG_WARN_SUSPICIOUS_MOVE = YES;
				CLANG_WARN_UNGUARDED_AVAILABILITY = YES_AGGRESSIVE;
				CLANG_WARN_UNREACHABLE_CODE = YES;
				CLANG_WARN__DUPLICATE_METHOD_MATCH = YES;
				COPY_PHASE_STRIP = NO;
				DEBUG_INFORMATION_FORMAT = "dwarf-with-dsym";
				ENABLE_NS_ASSERTIONS = NO;
				ENABLE_STRICT_OBJC_MSGSEND = YES;
				GCC_C_LANGUAGE_STANDARD = gnu11;
				GCC_NO_COMMON_BLOCKS = YES;
				GCC_WARN_64_TO_32_BIT_CONVERSION = YES;
				GCC_WARN_ABOUT_RETURN_TYPE = YES_ERROR;
				GCC_WARN_UNDECLARED_SELECTOR = YES;
				GCC_WARN_UNINITIALIZED_AUTOS = YES_AGGRESSIVE;
				GCC_WARN_UNUSED_FUNCTION = YES;
				GCC_WARN_UNUSED_VARIABLE = YES;
				IPHONEOS_DEPLOYMENT_TARGET = 15.5;
				MTL_ENABLE_DEBUG_INFO = NO;
				MTL_FAST_MATH = YES;
				SDKROOT = iphoneos;
				SWIFT_COMPILATION_MODE = wholemodule;
				SWIFT_OPTIMIZATION_LEVEL = "-O";
				VALIDATE_PRODUCT = YES;
			};
			name = Release;
		};
		26EA2D4128B48D2B00C4B240 /* Debug */ = {
			isa = XCBuildConfiguration;
			buildSettings = {
				ASSETCATALOG_COMPILER_APPICON_NAME = AppIcon;
				ASSETCATALOG_COMPILER_GLOBAL_ACCENT_COLOR_NAME = AccentColor;
				CODE_SIGN_STYLE = Automatic;
				CURRENT_PROJECT_VERSION = 1;
				DEVELOPMENT_TEAM = H9T78RSRH2;
				GENERATE_INFOPLIST_FILE = YES;
				INFOPLIST_FILE = StoryPromt/Info.plist;
				INFOPLIST_KEY_UIApplicationSupportsIndirectInputEvents = YES;
				INFOPLIST_KEY_UILaunchStoryboardName = LaunchScreen;
				INFOPLIST_KEY_UIMainStoryboardFile = Main;
				INFOPLIST_KEY_UISupportedInterfaceOrientations = UIInterfaceOrientationPortrait;
				INFOPLIST_KEY_UISupportedInterfaceOrientations_iPad = "UIInterfaceOrientationPortrait UIInterfaceOrientationPortraitUpsideDown UIInterfaceOrientationLandscapeLeft UIInterfaceOrientationLandscapeRight";
				INFOPLIST_KEY_UISupportedInterfaceOrientations_iPhone = "UIInterfaceOrientationPortrait UIInterfaceOrientationLandscapeLeft UIInterfaceOrientationLandscapeRight";
				LD_RUNPATH_SEARCH_PATHS = (
					"$(inherited)",
					"@executable_path/Frameworks",
				);
				MARKETING_VERSION = 1.0;
				PRODUCT_BUNDLE_IDENTIFIER = UIKitStudy.StoryPromt;
				PRODUCT_NAME = "$(TARGET_NAME)";
				SWIFT_EMIT_LOC_STRINGS = YES;
				SWIFT_VERSION = 5.0;
				TARGETED_DEVICE_FAMILY = "1,2";
			};
			name = Debug;
		};
		26EA2D4228B48D2B00C4B240 /* Release */ = {
			isa = XCBuildConfiguration;
			buildSettings = {
				ASSETCATALOG_COMPILER_APPICON_NAME = AppIcon;
				ASSETCATALOG_COMPILER_GLOBAL_ACCENT_COLOR_NAME = AccentColor;
				CODE_SIGN_STYLE = Automatic;
				CURRENT_PROJECT_VERSION = 1;
				DEVELOPMENT_TEAM = H9T78RSRH2;
				GENERATE_INFOPLIST_FILE = YES;
				INFOPLIST_FILE = StoryPromt/Info.plist;
				INFOPLIST_KEY_UIApplicationSupportsIndirectInputEvents = YES;
				INFOPLIST_KEY_UILaunchStoryboardName = LaunchScreen;
				INFOPLIST_KEY_UIMainStoryboardFile = Main;
				INFOPLIST_KEY_UISupportedInterfaceOrientations = UIInterfaceOrientationPortrait;
				INFOPLIST_KEY_UISupportedInterfaceOrientations_iPad = "UIInterfaceOrientationPortrait UIInterfaceOrientationPortraitUpsideDown UIInterfaceOrientationLandscapeLeft UIInterfaceOrientationLandscapeRight";
				INFOPLIST_KEY_UISupportedInterfaceOrientations_iPhone = "UIInterfaceOrientationPortrait UIInterfaceOrientationLandscapeLeft UIInterfaceOrientationLandscapeRight";
				LD_RUNPATH_SEARCH_PATHS = (
					"$(inherited)",
					"@executable_path/Frameworks",
				);
				MARKETING_VERSION = 1.0;
				PRODUCT_BUNDLE_IDENTIFIER = UIKitStudy.StoryPromt;
				PRODUCT_NAME = "$(TARGET_NAME)";
				SWIFT_EMIT_LOC_STRINGS = YES;
				SWIFT_VERSION = 5.0;
				TARGETED_DEVICE_FAMILY = "1,2";
			};
			name = Release;
		};
/* End XCBuildConfiguration section */

/* Begin XCConfigurationList section */
		26EA2D2728B48D2A00C4B240 /* Build configuration list for PBXProject "StoryPromt" */ = {
			isa = XCConfigurationList;
			buildConfigurations = (
				26EA2D3E28B48D2B00C4B240 /* Debug */,
				26EA2D3F28B48D2B00C4B240 /* Release */,
			);
			defaultConfigurationIsVisible = 0;
			defaultConfigurationName = Release;
		};
		26EA2D4028B48D2B00C4B240 /* Build configuration list for PBXNativeTarget "StoryPromt" */ = {
			isa = XCConfigurationList;
			buildConfigurations = (
				26EA2D4128B48D2B00C4B240 /* Debug */,
				26EA2D4228B48D2B00C4B240 /* Release */,
			);
			defaultConfigurationIsVisible = 0;
			defaultConfigurationName = Release;
		};
/* End XCConfigurationList section */
	};
	rootObject = 26EA2D2428B48D2A00C4B240 /* Project object */;
}
